github.com/dnlo/struct2csv v0.0.0-20190928115744-2f584471b24e h1:QY9tpuJoJxWopJBx44Z+MY631h8cnDtGZ0hE8paIE/A=
github.com/dnlo/struct2csv v0.0.0-20190928115744-2f584471b24e/go.mod h1:w1gEhuC/4E2MCPRzNYw7an6MHKk1B9vKA/vGuzIw2UE=
github.com/iancoleman/strcase v0.2.0 h1:05I4QRnGpI0m37iZQRuskXh+w77mr6Z41lwQzuHLwW0=
github.com/iancoleman/strcase v0.2.0/go.mod h1:iwCmte+B7n89clKwxIoIXy/HfoL7AsD47ZCWhYzw7ho=
github.com/malfunkt/iprange v0.9.0 h1:VCs0PKLUPotNVQTpVNszsut4lP7OCGNBwX+lOYBrnVQ=
github.com/malfunkt/iprange v0.9.0/go.mod h1:TRGqO/f95gh3LOndUGTL46+W0GXA91WTqyZ0Quwvt4U=
github.com/pkg/errors v0.9.1 h1:FEBLx1zS214owpjy7qsBeixbURkuhQAwrK5UwLGTwt4=
github.com/pkg/errors v0.9.1/go.mod h1:bwawxfHBFNV+L2hUp1rHADufV3IMtnDRdf1r5NINEl0=
